
Microsoft Visual Studio Solution File, Format Version 12.00
# Visual Studio Version 16
VisualStudioVersion = 16.0.32106.194
MinimumVisualStudioVersion = 10.0.40219.1
Project("{FAE04EC0-301F-11D3-BF4B-00C04F79EFBC}") = "15072023", "15072023.csproj", "{394ADB05-A8EB-4647-B43D-86374961D030}"
EndProject
Global
	GlobalSection(SolutionConfigurationPlatforms) = preSolution
		Debug|Any CPU = Debug|Any CPU
		Release|Any CPU = Release|Any CPU
	EndGlobalSection
	GlobalSection(ProjectConfigurationPlatforms) = postSolution
		{394ADB05-A8EB-4647-B43D-86374961D030}.Debug|Any CPU.ActiveCfg = Debug|Any CPU
		{394ADB05-A8EB-4647-B43D-86374961D030}.Debug|Any CPU.Build.0 = Debug|Any CPU
		{394ADB05-A8EB-4647-B43D-86374961D030}.Release|Any CPU.ActiveCfg = Release|Any CPU
		{394ADB05-A8EB-4647-B43D-86374961D030}.Release|Any CPU.Build.0 = Release|Any CPU
	EndGlobalSection
	GlobalSection(SolutionProperties) = preSolution
		HideSolutionNode = FALSE
	EndGlobalSection
	GlobalSection(ExtensibilityGlobals) = postSolution
		SolutionGuid = {B000B56E-9387-400A-B1FE-64B8A6E9065A}
	EndGlobalSection
EndGlobal
